#MicroXplorer Configuration settings - do not modify
Mcu.Family=STM32F4
ProjectManager.MainLocation=Core/Src
VP_SYS_VS_tim6.Mode=TIM6
RCC.CortexFreq_Value=180000000
PG6.Signal=GPIO_Output
ProjectManager.KeepUserCode=true
Mcu.UserName=STM32F427IIHx
NVIC.TIM6_DAC_IRQn=true\:0\:0\:false\:false\:true\:false\:false\:true
PG2.Signal=GPIO_Output
PG8.Signal=GPIO_Output
PG4.Signal=GPIO_Output
PG8.Locked=true
PG6.Locked=true
PG4.Locked=true
RCC.PLLCLKFreq_Value=180000000
PG2.Locked=true
RCC.PLLQCLKFreq_Value=90000000
ProjectManager.functionlistsort=1-MX_GPIO_Init-GPIO-false-HAL-true,2-MX_DMA_Init-DMA-false-HAL-true,3-SystemClock_Config-RCC-false-HAL-false,4-MX_CAN1_Init-CAN1-false-HAL-true,5-MX_USART6_UART_Init-USART6-false-HAL-true
RCC.RTCFreq_Value=32000
PD0.Locked=true
Dma.USART6_TX.0.Mode=DMA_NORMAL
Dma.USART6_RX.1.Direction=DMA_PERIPH_TO_MEMORY
PinOutPanel.RotationAngle=0
RCC.SYSCLKSource=RCC_SYSCLKSOURCE_PLLCLK
ProjectManager.StackSize=0x400
RCC.SAI_BClocksFreq_Value=24500000
Mcu.IP4=RCC
RCC.FCLKCortexFreq_Value=180000000
Mcu.IP5=SYS
Mcu.IP2=FREERTOS
NVIC.SVCall_IRQn=true\:0\:0\:false\:false\:false\:false\:false\:false
Mcu.IP3=NVIC
Mcu.IP0=CAN1
Dma.USART6_TX.0.FIFOMode=DMA_FIFOMODE_DISABLE
Mcu.IP1=DMA
Dma.USART6_TX.0.Direction=DMA_MEMORY_TO_PERIPH
Mcu.UserConstants=
Mcu.ThirdPartyNb=0
PH0/OSC_IN.Mode=HSE-External-Oscillator
Dma.USART6_TX.0.Instance=DMA2_Stream6
Dma.USART6_RX.1.MemInc=DMA_MINC_ENABLE
Dma.USART6_RX.1.PeriphDataAlignment=DMA_PDATAALIGN_BYTE
RCC.HCLKFreq_Value=180000000
Mcu.IPNb=7
RCC.I2SClocksFreq_Value=192000000
ProjectManager.PreviousToolchain=
RCC.APB2TimFreq_Value=180000000
RCC.VcooutputI2S=192000000
Dma.USART6_RX.1.Mode=DMA_NORMAL
PH1/OSC_OUT.Signal=RCC_OSC_OUT
PD0.Signal=CAN1_RX
Mcu.Pin6=PH0/OSC_IN
Dma.USART6_RX.1.MemDataAlignment=DMA_MDATAALIGN_BYTE
Mcu.Pin7=PH1/OSC_OUT
Mcu.Pin8=PG8
Mcu.Pin9=PG7
RCC.VCOSAIOutputFreq_Value=98000000
FREERTOS.IPParameters=Tasks01
RCC.AHBFreq_Value=180000000
Mcu.Pin0=PG14
Mcu.Pin1=PA14
Mcu.Pin2=PA13
Mcu.Pin3=PD0
Mcu.Pin4=PG9
Mcu.Pin5=PD1
ProjectManager.ProjectBuild=false
RCC.HSE_VALUE=12000000
NVIC.UsageFault_IRQn=true\:0\:0\:false\:false\:true\:false\:false\:false
NVIC.DebugMonitor_IRQn=true\:0\:0\:false\:false\:true\:false\:false\:false
NVIC.SysTick_IRQn=true\:15\:0\:false\:false\:false\:true\:false\:true
PG14.Mode=Asynchronous
ProjectManager.FirmwarePackage=STM32Cube FW_F4 V1.26.2
MxDb.Version=DB.6.0.20
ProjectManager.BackupPrevious=false
RCC.VCOInputFreq_Value=2000000
PA14.Mode=Serial_Wire
File.Version=6
NVIC.PendSV_IRQn=true\:15\:0\:false\:false\:false\:true\:false\:false
VP_FREERTOS_VS_CMSIS_V1.Mode=CMSIS_V1
PH1/OSC_OUT.Mode=HSE-External-Oscillator
Dma.RequestsNb=2
ProjectManager.HalAssertFull=false
ProjectManager.ProjectName=serial2motor
RCC.MCO2PinFreq_Value=180000000
CAN1.Prescaler=9
Mcu.Package=UFBGA176
NVIC.TimeBase=TIM6_DAC_IRQn
USART6.VirtualMode=VM_ASYNC
ProjectManager.ToolChainLocation=
RCC.LSI_VALUE=32000
NVIC.TimeBaseIP=TIM6
RCC.APB2CLKDivider=RCC_HCLK_DIV2
PF14.Signal=GPIO_Output
Dma.Request1=USART6_RX
RCC.APB1TimFreq_Value=90000000
Dma.USART6_RX.1.RequestParameters=Instance,Direction,PeriphInc,MemInc,PeriphDataAlignment,MemDataAlignment,Mode,Priority,FIFOMode
NVIC.BusFault_IRQn=true\:0\:0\:false\:false\:true\:false\:false\:false
Dma.USART6_RX.1.FIFOMode=DMA_FIFOMODE_DISABLE
Dma.USART6_TX.0.MemDataAlignment=DMA_MDATAALIGN_BYTE
Dma.Request0=USART6_TX
CAN1.CalculateTimeBit=1000.00
ProjectManager.CustomerFirmwarePackage=
RCC.SAI_AClocksFreq_Value=24500000
CAN1.CalculateTimeQuantum=200.0
Dma.USART6_RX.1.Instance=DMA2_Stream1
RCC.PLLSourceVirtual=RCC_PLLSOURCE_HSE
Dma.USART6_TX.0.MemInc=DMA_MINC_ENABLE
ProjectManager.ProjectFileName=serial2motor.ioc
FREERTOS.Tasks01=defaultTask,0,128,StartDefaultTask,Default,NULL,Dynamic,NULL,NULL
PG7.Locked=true
PG7.Signal=GPIO_Output
Mcu.PinsNb=20
ProjectManager.NoMain=false
PG3.Signal=GPIO_Output
USART6.IPParameters=VirtualMode
PG5.Locked=true
PG1.Signal=GPIO_Output
PG5.Signal=GPIO_Output
NVIC.SavedSvcallIrqHandlerGenerated=true
PG9.Signal=USART6_RX
PG1.Locked=true
CAN1.IPParameters=CalculateTimeQuantum,CalculateTimeBit,CalculateBaudRate,Prescaler,BS1
PG3.Locked=true
CAN1.CalculateBaudRate=1000000
PG9.Mode=Asynchronous
PD1.Signal=CAN1_TX
ProjectManager.DefaultFWLocation=true
RCC.VCOSAIOutputFreq_ValueQ=24500000
NVIC.DMA2_Stream1_IRQn=true\:5\:0\:false\:false\:true\:true\:false\:true
ProjectManager.DeletePrevious=true
Dma.USART6_RX.1.PeriphInc=DMA_PINC_DISABLE
RCC.APB1CLKDivider=RCC_HCLK_DIV4
PinOutPanel.CurrentBGAView=Top
RCC.FamilyName=M
NVIC.USART6_IRQn=true\:5\:0\:false\:false\:true\:true\:true\:true
PA13.Signal=SYS_JTMS-SWDIO
VP_FREERTOS_VS_CMSIS_V1.Signal=FREERTOS_VS_CMSIS_V1
CAN1.BS1=CAN_BS1_3TQ
ProjectManager.TargetToolchain=STM32CubeIDE
RCC.VcooutputI2SQ=192000000
ProjectManager.RegisterCallBack=
NVIC.DMA2_Stream6_IRQn=true\:0\:0\:false\:false\:true\:false\:false\:true
PE11.Signal=GPIO_Output
RCC.LSE_VALUE=32768
RCC.VCOI2SOutputFreq_Value=384000000
PG14.Signal=USART6_TX
board=custom
Dma.USART6_RX.1.Priority=DMA_PRIORITY_LOW
RCC.VCOOutputFreq_Value=360000000
ProjectManager.LastFirmware=true
PD1.Mode=CAN_Activate
PH0/OSC_IN.Signal=RCC_OSC_IN
VP_SYS_VS_tim6.Signal=SYS_VS_tim6
NVIC.SavedSystickIrqHandlerGenerated=true
RCC.APB2Freq_Value=90000000
MxCube.Version=6.2.0
RCC.EthernetFreq_Value=180000000
Dma.USART6_TX.0.PeriphInc=DMA_PINC_DISABLE
NVIC.NonMaskableInt_IRQn=true\:0\:0\:false\:false\:true\:false\:false\:false
PF14.Locked=true
PA13.Mode=Serial_Wire
ProjectManager.FreePins=false
RCC.IPParameters=48MHZClocksFreq_Value,AHBFreq_Value,APB1CLKDivider,APB1Freq_Value,APB1TimFreq_Value,APB2CLKDivider,APB2Freq_Value,APB2TimFreq_Value,CortexFreq_Value,EthernetFreq_Value,FCLKCortexFreq_Value,FamilyName,HCLKFreq_Value,HSE_VALUE,HSI_VALUE,I2SClocksFreq_Value,LSE_VALUE,LSI_VALUE,MCO2PinFreq_Value,PLLCLKFreq_Value,PLLM,PLLN,PLLQCLKFreq_Value,PLLSourceVirtual,RTCFreq_Value,RTCHSEDivFreq_Value,SAI_AClocksFreq_Value,SAI_BClocksFreq_Value,SYSCLKFreq_VALUE,SYSCLKSource,VCOI2SOutputFreq_Value,VCOInputFreq_Value,VCOOutputFreq_Value,VCOSAIOutputFreq_Value,VCOSAIOutputFreq_ValueQ,VcooutputI2S,VcooutputI2SQ
PE11.Locked=true
ProjectManager.AskForMigrate=true
Mcu.Name=STM32F427I(G-I)Hx
PD0.Mode=CAN_Activate
NVIC.SavedPendsvIrqHandlerGenerated=true
RCC.RTCHSEDivFreq_Value=6000000
ProjectManager.UnderRoot=true
Mcu.IP6=USART6
ProjectManager.CoupleFile=true
RCC.48MHZClocksFreq_Value=90000000
RCC.SYSCLKFreq_VALUE=180000000
NVIC.ForceEnableDMAVector=true
KeepUserPlacement=false
NVIC.MemoryManagement_IRQn=true\:0\:0\:false\:false\:true\:false\:false\:false
ProjectManager.CompilerOptimize=6
PA14.Signal=SYS_JTCK-SWCLK
ProjectManager.HeapSize=0x200
Mcu.Pin15=PG1
NVIC.HardFault_IRQn=true\:0\:0\:false\:false\:true\:false\:false\:false
Mcu.Pin16=PE11
Mcu.Pin13=PG3
Mcu.Pin14=PG2
Mcu.Pin19=VP_SYS_VS_tim6
ProjectManager.ComputerToolchain=false
Mcu.Pin17=PF14
RCC.HSI_VALUE=16000000
Mcu.Pin18=VP_FREERTOS_VS_CMSIS_V1
Dma.USART6_TX.0.RequestParameters=Instance,Direction,PeriphInc,MemInc,PeriphDataAlignment,MemDataAlignment,Mode,Priority,FIFOMode
NVIC.PriorityGroup=NVIC_PRIORITYGROUP_4
Mcu.Pin11=PG5
Mcu.Pin12=PG4
RCC.PLLM=6
RCC.PLLN=180
Mcu.Pin10=PG6
Dma.USART6_TX.0.Priority=DMA_PRIORITY_LOW
RCC.APB1Freq_Value=45000000
PD1.Locked=true
ProjectManager.DeviceId=STM32F427IIHx
ProjectManager.LibraryCopy=1
NVIC.CAN1_RX0_IRQn=true\:5\:0\:false\:false\:true\:true\:true\:true
Dma.USART6_TX.0.PeriphDataAlignment=DMA_PDATAALIGN_BYTE
isbadioc=false
